
Microsoft Visual Studio Solution File, Format Version 12.00
# Visual Studio Version 17
VisualStudioVersion = 17.9.34607.119
MinimumVisualStudioVersion = 10.0.40219.1
Project("{FAE04EC0-301F-11D3-BF4B-00C04F79EFBC}") = "TRABAJO PRACTICO", "TRABAJO PRACTICO\TRABAJO PRACTICO.csproj", "{253F67B0-70B8-43E8-BD3E-C64E5E88DA10}"
EndProject
Global
	GlobalSection(SolutionConfigurationPlatforms) = preSolution
		Debug|Any CPU = Debug|Any CPU
		Release|Any CPU = Release|Any CPU
	EndGlobalSection
	GlobalSection(ProjectConfigurationPlatforms) = postSolution
		{253F67B0-70B8-43E8-BD3E-C64E5E88DA10}.Debug|Any CPU.ActiveCfg = Debug|Any CPU
		{253F67B0-70B8-43E8-BD3E-C64E5E88DA10}.Debug|Any CPU.Build.0 = Debug|Any CPU
		{253F67B0-70B8-43E8-BD3E-C64E5E88DA10}.Release|Any CPU.ActiveCfg = Release|Any CPU
		{253F67B0-70B8-43E8-BD3E-C64E5E88DA10}.Release|Any CPU.Build.0 = Release|Any CPU
	EndGlobalSection
	GlobalSection(SolutionProperties) = preSolution
		HideSolutionNode = FALSE
	EndGlobalSection
	GlobalSection(ExtensibilityGlobals) = postSolution
		SolutionGuid = {A4191FB5-A7A7-4D3E-86DC-E13ADA0CD9E7}
	EndGlobalSection
EndGlobal
